
Microsoft Visual Studio Solution File, Format Version 12.00
# Visual Studio Version 17
VisualStudioVersion = 17.5.33424.131
MinimumVisualStudioVersion = 10.0.40219.1
Project("{FAE04EC0-301F-11D3-BF4B-00C04F79EFBC}") = "Password Generator", "Password Generator\Password Generator.csproj", "{B4F56B34-2AC0-40D2-8336-827ADF2064FF}"
EndProject
Global
	GlobalSection(SolutionConfigurationPlatforms) = preSolution
		Debug|Any CPU = Debug|Any CPU
		Release|Any CPU = Release|Any CPU
	EndGlobalSection
	GlobalSection(ProjectConfigurationPlatforms) = postSolution
		{B4F56B34-2AC0-40D2-8336-827ADF2064FF}.Debug|Any CPU.ActiveCfg = Debug|Any CPU
		{B4F56B34-2AC0-40D2-8336-827ADF2064FF}.Debug|Any CPU.Build.0 = Debug|Any CPU
		{B4F56B34-2AC0-40D2-8336-827ADF2064FF}.Release|Any CPU.ActiveCfg = Release|Any CPU
		{B4F56B34-2AC0-40D2-8336-827ADF2064FF}.Release|Any CPU.Build.0 = Release|Any CPU
	EndGlobalSection
	GlobalSection(SolutionProperties) = preSolution
		HideSolutionNode = FALSE
	EndGlobalSection
	GlobalSection(ExtensibilityGlobals) = postSolution
		SolutionGuid = {7D62C78E-E1F7-451C-8A88-19E1CD30ED41}
	EndGlobalSection
EndGlobal
